// !$*UTF8*$!
{
	archiveVersion = 1;
	classes = {
	};
	objectVersion = 46;
	objects = {

/* Begin PBXBuildFile section */
		4F9A47C61BAC7D7B00DC84E0 /* main.m in Sources */ = {isa = PBXBuildFile; fileRef = 4F9A47C51BAC7D7B00DC84E0 /* main.m */; };
		4F9A47C91BAC7D7B00DC84E0 /* AppDelegate.m in Sources */ = {isa = PBXBuildFile; fileRef = 4F9A47C81BAC7D7B00DC84E0 /* AppDelegate.m */; };
		4F9A47CC1BAC7D7B00DC84E0 /* PMTItemViewController.m in Sources */ = {isa = PBXBuildFile; fileRef = 4F9A47CB1BAC7D7B00DC84E0 /* PMTItemViewController.m */; };
		4F9A47CF1BAC7D7B00DC84E0 /* Main.storyboard in Resources */ = {isa = PBXBuildFile; fileRef = 4F9A47CD1BAC7D7B00DC84E0 /* Main.storyboard */; };
		4F9A47D11BAC7D7B00DC84E0 /* Images.xcassets in Resources */ = {isa = PBXBuildFile; fileRef = 4F9A47D01BAC7D7B00DC84E0 /* Images.xcassets */; };
		4F9A47D41BAC7D7B00DC84E0 /* LaunchScreen.xib in Resources */ = {isa = PBXBuildFile; fileRef = 4F9A47D21BAC7D7B00DC84E0 /* LaunchScreen.xib */; };
		4F9A47E01BAC7D7B00DC84E0 /* PaymentSampleAppiOS7Tests.m in Sources */ = {isa = PBXBuildFile; fileRef = 4F9A47DF1BAC7D7B00DC84E0 /* PaymentSampleAppiOS7Tests.m */; };
		4F9A47F41BAC829F00DC84E0 /* Security.framework in Frameworks */ = {isa = PBXBuildFile; fileRef = 4F9A47F31BAC829F00DC84E0 /* Security.framework */; };
		4F9A47F61BAC82A700DC84E0 /* CoreTelephony.framework in Frameworks */ = {isa = PBXBuildFile; fileRef = 4F9A47F51BAC82A700DC84E0 /* CoreTelephony.framework */; };
		4F9A47F81BAC82C300DC84E0 /* CoreLocation.framework in Frameworks */ = {isa = PBXBuildFile; fileRef = 4F9A47F71BAC82C300DC84E0 /* CoreLocation.framework */; };
		4F9A47FA1BAC82CB00DC84E0 /* SystemConfiguration.framework in Frameworks */ = {isa = PBXBuildFile; fileRef = 4F9A47F91BAC82CB00DC84E0 /* SystemConfiguration.framework */; };
		4F9A47FE1BAC83A400DC84E0 /* libz.dylib in Frameworks */ = {isa = PBXBuildFile; fileRef = 4F9A47FD1BAC83A400DC84E0 /* libz.dylib */; };
		4F9A48681BB07D4D00DC84E0 /* FlintConnect.bundle in Resources */ = {isa = PBXBuildFile; fileRef = 4F9A48671BB07D4D00DC84E0 /* FlintConnect.bundle */; };
		4F9A486C1BB07DAD00DC84E0 /* PMTTextField.m in Sources */ = {isa = PBXBuildFile; fileRef = 4F9A486B1BB07DAD00DC84E0 /* PMTTextField.m */; };
		4FF0BA081BB086EA00B19EE4 /* FlintConnect.framework in Frameworks */ = {isa = PBXBuildFile; fileRef = 4FF0BA071BB086EA00B19EE4 /* FlintConnect.framework */; };
/* End PBXBuildFile section */

/* Begin PBXContainerItemProxy section */
		4F9A47DA1BAC7D7B00DC84E0 /* PBXContainerItemProxy */ = {
			isa = PBXContainerItemProxy;
			containerPortal = 4F9A47B81BAC7D7B00DC84E0 /* Project object */;
			proxyType = 1;
			remoteGlobalIDString = 4F9A47BF1BAC7D7B00DC84E0;
			remoteInfo = PaymentSampleAppiOS7;
		};
/* End PBXContainerItemProxy section */

/* Begin PBXFileReference section */
		4F9A47C01BAC7D7B00DC84E0 /* PaymentSampleAppiOS7.app */ = {isa = PBXFileReference; explicitFileType = wrapper.application; includeInIndex = 0; path = PaymentSampleAppiOS7.app; sourceTree = BUILT_PRODUCTS_DIR; };
		4F9A47C41BAC7D7B00DC84E0 /* Info.plist */ = {isa = PBXFileReference; lastKnownFileType = text.plist.xml; path = Info.plist; sourceTree = "<group>"; };
		4F9A47C51BAC7D7B00DC84E0 /* main.m */ = {isa = PBXFileReference; lastKnownFileType = sourcecode.c.objc; path = main.m; sourceTree = "<group>"; };
		4F9A47C71BAC7D7B00DC84E0 /* AppDelegate.h */ = {isa = PBXFileReference; lastKnownFileType = sourcecode.c.h; path = AppDelegate.h; sourceTree = "<group>"; };
		4F9A47C81BAC7D7B00DC84E0 /* AppDelegate.m */ = {isa = PBXFileReference; lastKnownFileType = sourcecode.c.objc; path = AppDelegate.m; sourceTree = "<group>"; };
		4F9A47CA1BAC7D7B00DC84E0 /* PMTItemViewController.h */ = {isa = PBXFileReference; lastKnownFileType = sourcecode.c.h; path = PMTItemViewController.h; sourceTree = "<group>"; };
		4F9A47CB1BAC7D7B00DC84E0 /* PMTItemViewController.m */ = {isa = PBXFileReference; lastKnownFileType = sourcecode.c.objc; path = PMTItemViewController.m; sourceTree = "<group>"; };
		4F9A47CE1BAC7D7B00DC84E0 /* Base */ = {isa = PBXFileReference; lastKnownFileType = file.storyboard; name = Base; path = Base.lproj/Main.storyboard; sourceTree = "<group>"; };
		4F9A47D01BAC7D7B00DC84E0 /* Images.xcassets */ = {isa = PBXFileReference; lastKnownFileType = folder.assetcatalog; path = Images.xcassets; sourceTree = "<group>"; };
		4F9A47D31BAC7D7B00DC84E0 /* Base */ = {isa = PBXFileReference; lastKnownFileType = file.xib; name = Base; path = Base.lproj/LaunchScreen.xib; sourceTree = "<group>"; };
		4F9A47D91BAC7D7B00DC84E0 /* PaymentSampleAppiOS7Tests.xctest */ = {isa = PBXFileReference; explicitFileType = wrapper.cfbundle; includeInIndex = 0; path = PaymentSampleAppiOS7Tests.xctest; sourceTree = BUILT_PRODUCTS_DIR; };
		4F9A47DE1BAC7D7B00DC84E0 /* Info.plist */ = {isa = PBXFileReference; lastKnownFileType = text.plist.xml; path = Info.plist; sourceTree = "<group>"; };
		4F9A47DF1BAC7D7B00DC84E0 /* PaymentSampleAppiOS7Tests.m */ = {isa = PBXFileReference; lastKnownFileType = sourcecode.c.objc; path = PaymentSampleAppiOS7Tests.m; sourceTree = "<group>"; };
		4F9A47F31BAC829F00DC84E0 /* Security.framework */ = {isa = PBXFileReference; lastKnownFileType = wrapper.framework; name = Security.framework; path = System/Library/Frameworks/Security.framework; sourceTree = SDKROOT; };
		4F9A47F51BAC82A700DC84E0 /* CoreTelephony.framework */ = {isa = PBXFileReference; lastKnownFileType = wrapper.framework; name = CoreTelephony.framework; path = System/Library/Frameworks/CoreTelephony.framework; sourceTree = SDKROOT; };
		4F9A47F71BAC82C300DC84E0 /* CoreLocation.framework */ = {isa = PBXFileReference; lastKnownFileType = wrapper.framework; name = CoreLocation.framework; path = System/Library/Frameworks/CoreLocation.framework; sourceTree = SDKROOT; };
		4F9A47F91BAC82CB00DC84E0 /* SystemConfiguration.framework */ = {isa = PBXFileReference; lastKnownFileType = wrapper.framework; name = SystemConfiguration.framework; path = System/Library/Frameworks/SystemConfiguration.framework; sourceTree = SDKROOT; };
		4F9A47FD1BAC83A400DC84E0 /* libz.dylib */ = {isa = PBXFileReference; lastKnownFileType = "compiled.mach-o.dylib"; name = libz.dylib; path = usr/lib/libz.dylib; sourceTree = SDKROOT; };
		4F9A48671BB07D4D00DC84E0 /* FlintConnect.bundle */ = {isa = PBXFileReference; lastKnownFileType = "wrapper.plug-in"; path = FlintConnect.bundle; sourceTree = "<group>"; };
		4F9A486A1BB07DAD00DC84E0 /* PMTTextField.h */ = {isa = PBXFileReference; fileEncoding = 4; lastKnownFileType = sourcecode.c.h; path = PMTTextField.h; sourceTree = "<group>"; };
		4F9A486B1BB07DAD00DC84E0 /* PMTTextField.m */ = {isa = PBXFileReference; fileEncoding = 4; lastKnownFileType = sourcecode.c.objc; path = PMTTextField.m; sourceTree = "<group>"; };
		4FF0BA071BB086EA00B19EE4 /* FlintConnect.framework */ = {isa = PBXFileReference; lastKnownFileType = wrapper.framework; path = FlintConnect.framework; sourceTree = "<group>"; };
/* End PBXFileReference section */

/* Begin PBXFrameworksBuildPhase section */
		4F9A47BD1BAC7D7B00DC84E0 /* Frameworks */ = {
			isa = PBXFrameworksBuildPhase;
			buildActionMask = 2147483647;
			files = (
				4F9A47FE1BAC83A400DC84E0 /* libz.dylib in Frameworks */,
				4F9A47FA1BAC82CB00DC84E0 /* SystemConfiguration.framework in Frameworks */,
				4F9A47F81BAC82C300DC84E0 /* CoreLocation.framework in Frameworks */,
				4F9A47F61BAC82A700DC84E0 /* CoreTelephony.framework in Frameworks */,
				4F9A47F41BAC829F00DC84E0 /* Security.framework in Frameworks */,
				4FF0BA081BB086EA00B19EE4 /* FlintConnect.framework in Frameworks */,
			);
			runOnlyForDeploymentPostprocessing = 0;
		};
		4F9A47D61BAC7D7B00DC84E0 /* Frameworks */ = {
			isa = PBXFrameworksBuildPhase;
			buildActionMask = 2147483647;
			files = (
			);
			runOnlyForDeploymentPostprocessing = 0;
		};
/* End PBXFrameworksBuildPhase section */

/* Begin PBXGroup section */
		4F9A47B71BAC7D7B00DC84E0 = {
			isa = PBXGroup;
			children = (
				4F9A48671BB07D4D00DC84E0 /* FlintConnect.bundle */,
				4F9A47FD1BAC83A400DC84E0 /* libz.dylib */,
				4FF0BA071BB086EA00B19EE4 /* FlintConnect.framework */,
				4F9A47F91BAC82CB00DC84E0 /* SystemConfiguration.framework */,
				4F9A47F71BAC82C300DC84E0 /* CoreLocation.framework */,
				4F9A47F51BAC82A700DC84E0 /* CoreTelephony.framework */,
				4F9A47F31BAC829F00DC84E0 /* Security.framework */,
				4F9A47C21BAC7D7B00DC84E0 /* PaymentSampleAppiOS7 */,
				4F9A47DC1BAC7D7B00DC84E0 /* PaymentSampleAppiOS7Tests */,
				4F9A47C11BAC7D7B00DC84E0 /* Products */,
			);
			sourceTree = "<group>";
		};
		4F9A47C11BAC7D7B00DC84E0 /* Products */ = {
			isa = PBXGroup;
			children = (
				4F9A47C01BAC7D7B00DC84E0 /* PaymentSampleAppiOS7.app */,
				4F9A47D91BAC7D7B00DC84E0 /* PaymentSampleAppiOS7Tests.xctest */,
			);
			name = Products;
			sourceTree = "<group>";
		};
		4F9A47C21BAC7D7B00DC84E0 /* PaymentSampleAppiOS7 */ = {
			isa = PBXGroup;
			children = (
				4F9A48691BB07D8800DC84E0 /* Subclass UI */,
				4F9A47C71BAC7D7B00DC84E0 /* AppDelegate.h */,
				4F9A47C81BAC7D7B00DC84E0 /* AppDelegate.m */,
				4F9A47CA1BAC7D7B00DC84E0 /* PMTItemViewController.h */,
				4F9A47CB1BAC7D7B00DC84E0 /* PMTItemViewController.m */,
				4F9A47CD1BAC7D7B00DC84E0 /* Main.storyboard */,
				4F9A47D01BAC7D7B00DC84E0 /* Images.xcassets */,
				4F9A47D21BAC7D7B00DC84E0 /* LaunchScreen.xib */,
				4F9A47C31BAC7D7B00DC84E0 /* Supporting Files */,
			);
			path = PaymentSampleAppiOS7;
			sourceTree = "<group>";
		};
		4F9A47C31BAC7D7B00DC84E0 /* Supporting Files */ = {
			isa = PBXGroup;
			children = (
				4F9A47C41BAC7D7B00DC84E0 /* Info.plist */,
				4F9A47C51BAC7D7B00DC84E0 /* main.m */,
			);
			name = "Supporting Files";
			sourceTree = "<group>";
		};
		4F9A47DC1BAC7D7B00DC84E0 /* PaymentSampleAppiOS7Tests */ = {
			isa = PBXGroup;
			children = (
				4F9A47DF1BAC7D7B00DC84E0 /* PaymentSampleAppiOS7Tests.m */,
				4F9A47DD1BAC7D7B00DC84E0 /* Supporting Files */,
			);
			path = PaymentSampleAppiOS7Tests;
			sourceTree = "<group>";
		};
		4F9A47DD1BAC7D7B00DC84E0 /* Supporting Files */ = {
			isa = PBXGroup;
			children = (
				4F9A47DE1BAC7D7B00DC84E0 /* Info.plist */,
			);
			name = "Supporting Files";
			sourceTree = "<group>";
		};
		4F9A48691BB07D8800DC84E0 /* Subclass UI */ = {
			isa = PBXGroup;
			children = (
				4F9A486A1BB07DAD00DC84E0 /* PMTTextField.h */,
				4F9A486B1BB07DAD00DC84E0 /* PMTTextField.m */,
			);
			name = "Subclass UI";
			sourceTree = "<group>";
		};
/* End PBXGroup section */

/* Begin PBXNativeTarget section */
		4F9A47BF1BAC7D7B00DC84E0 /* PaymentSampleAppiOS7 */ = {
			isa = PBXNativeTarget;
			buildConfigurationList = 4F9A47E31BAC7D7B00DC84E0 /* Build configuration list for PBXNativeTarget "PaymentSampleAppiOS7" */;
			buildPhases = (
				4F9A47BC1BAC7D7B00DC84E0 /* Sources */,
				4F9A47BD1BAC7D7B00DC84E0 /* Frameworks */,
				4F9A47BE1BAC7D7B00DC84E0 /* Resources */,
			);
			buildRules = (
			);
			dependencies = (
			);
			name = PaymentSampleAppiOS7;
			productName = PaymentSampleAppiOS7;
			productReference = 4F9A47C01BAC7D7B00DC84E0 /* PaymentSampleAppiOS7.app */;
			productType = "com.apple.product-type.application";
		};
		4F9A47D81BAC7D7B00DC84E0 /* PaymentSampleAppiOS7Tests */ = {
			isa = PBXNativeTarget;
			buildConfigurationList = 4F9A47E61BAC7D7B00DC84E0 /* Build configuration list for PBXNativeTarget "PaymentSampleAppiOS7Tests" */;
			buildPhases = (
				4F9A47D51BAC7D7B00DC84E0 /* Sources */,
				4F9A47D61BAC7D7B00DC84E0 /* Frameworks */,
				4F9A47D71BAC7D7B00DC84E0 /* Resources */,
			);
			buildRules = (
			);
			dependencies = (
				4F9A47DB1BAC7D7B00DC84E0 /* PBXTargetDependency */,
			);
			name = PaymentSampleAppiOS7Tests;
			productName = PaymentSampleAppiOS7Tests;
			productReference = 4F9A47D91BAC7D7B00DC84E0 /* PaymentSampleAppiOS7Tests.xctest */;
			productType = "com.apple.product-type.bundle.unit-test";
		};
/* End PBXNativeTarget section */

/* Begin PBXProject section */
		4F9A47B81BAC7D7B00DC84E0 /* Project object */ = {
			isa = PBXProject;
			attributes = {
				LastUpgradeCheck = 0630;
				ORGANIZATIONNAME = Flint;
				TargetAttributes = {
					4F9A47BF1BAC7D7B00DC84E0 = {
						CreatedOnToolsVersion = 6.3.2;
					};
					4F9A47D81BAC7D7B00DC84E0 = {
						CreatedOnToolsVersion = 6.3.2;
						TestTargetID = 4F9A47BF1BAC7D7B00DC84E0;
					};
				};
			};
			buildConfigurationList = 4F9A47BB1BAC7D7B00DC84E0 /* Build configuration list for PBXProject "PaymentSampleAppiOS7" */;
			compatibilityVersion = "Xcode 3.2";
			developmentRegion = English;
			hasScannedForEncodings = 0;
			knownRegions = (
				en,
				Base,
			);
			mainGroup = 4F9A47B71BAC7D7B00DC84E0;
			productRefGroup = 4F9A47C11BAC7D7B00DC84E0 /* Products */;
			projectDirPath = "";
			projectRoot = "";
			targets = (
				4F9A47BF1BAC7D7B00DC84E0 /* PaymentSampleAppiOS7 */,
				4F9A47D81BAC7D7B00DC84E0 /* PaymentSampleAppiOS7Tests */,
			);
		};
/* End PBXProject section */

/* Begin PBXResourcesBuildPhase section */
		4F9A47BE1BAC7D7B00DC84E0 /* Resources */ = {
			isa = PBXResourcesBuildPhase;
			buildActionMask = 2147483647;
			files = (
				4F9A47CF1BAC7D7B00DC84E0 /* Main.storyboard in Resources */,
				4F9A47D41BAC7D7B00DC84E0 /* LaunchScreen.xib in Resources */,
				4F9A48681BB07D4D00DC84E0 /* FlintConnect.bundle in Resources */,
				4F9A47D11BAC7D7B00DC84E0 /* Images.xcassets in Resources */,
			);
			runOnlyForDeploymentPostprocessing = 0;
		};
		4F9A47D71BAC7D7B00DC84E0 /* Resources */ = {
			isa = PBXResourcesBuildPhase;
			buildActionMask = 2147483647;
			files = (
			);
			runOnlyForDeploymentPostprocessing = 0;
		};
/* End PBXResourcesBuildPhase section */

/* Begin PBXSourcesBuildPhase section */
		4F9A47BC1BAC7D7B00DC84E0 /* Sources */ = {
			isa = PBXSourcesBuildPhase;
			buildActionMask = 2147483647;
			files = (
				4F9A47CC1BAC7D7B00DC84E0 /* PMTItemViewController.m in Sources */,
				4F9A47C91BAC7D7B00DC84E0 /* AppDelegate.m in Sources */,
				4F9A47C61BAC7D7B00DC84E0 /* main.m in Sources */,
				4F9A486C1BB07DAD00DC84E0 /* PMTTextField.m in Sources */,
			);
			runOnlyForDeploymentPostprocessing = 0;
		};
		4F9A47D51BAC7D7B00DC84E0 /* Sources */ = {
			isa = PBXSourcesBuildPhase;
			buildActionMask = 2147483647;
			files = (
				4F9A47E01BAC7D7B00DC84E0 /* PaymentSampleAppiOS7Tests.m in Sources */,
			);
			runOnlyForDeploymentPostprocessing = 0;
		};
/* End PBXSourcesBuildPhase section */

/* Begin PBXTargetDependency section */
		4F9A47DB1BAC7D7B00DC84E0 /* PBXTargetDependency */ = {
			isa = PBXTargetDependency;
			target = 4F9A47BF1BAC7D7B00DC84E0 /* PaymentSampleAppiOS7 */;
			targetProxy = 4F9A47DA1BAC7D7B00DC84E0 /* PBXContainerItemProxy */;
		};
/* End PBXTargetDependency section */

/* Begin PBXVariantGroup section */
		4F9A47CD1BAC7D7B00DC84E0 /* Main.storyboard */ = {
			isa = PBXVariantGroup;
			children = (
				4F9A47CE1BAC7D7B00DC84E0 /* Base */,
			);
			name = Main.storyboard;
			sourceTree = "<group>";
		};
		4F9A47D21BAC7D7B00DC84E0 /* LaunchScreen.xib */ = {
			isa = PBXVariantGroup;
			children = (
				4F9A47D31BAC7D7B00DC84E0 /* Base */,
			);
			name = LaunchScreen.xib;
			sourceTree = "<group>";
		};
/* End PBXVariantGroup section */

/* Begin XCBuildConfiguration section */
		4F9A47E11BAC7D7B00DC84E0 /* Debug */ = {
			isa = XCBuildConfiguration;
			buildSettings = {
				ALWAYS_SEARCH_USER_PATHS = NO;
				CLANG_CXX_LANGUAGE_STANDARD = "gnu++0x";
				CLANG_CXX_LIBRARY = "libc++";
				CLANG_ENABLE_MODULES = YES;
				CLANG_ENABLE_OBJC_ARC = YES;
				CLANG_WARN_BOOL_CONVERSION = YES;
				CLANG_WARN_CONSTANT_CONVERSION = YES;
				CLANG_WARN_DIRECT_OBJC_ISA_USAGE = YES_ERROR;
				CLANG_WARN_EMPTY_BODY = YES;
				CLANG_WARN_ENUM_CONVERSION = YES;
				CLANG_WARN_INT_CONVERSION = YES;
				CLANG_WARN_OBJC_ROOT_CLASS = YES_ERROR;
				CLANG_WARN_UNREACHABLE_CODE = YES;
				CLANG_WARN__DUPLICATE_METHOD_MATCH = YES;
				"CODE_SIGN_IDENTITY[sdk=iphoneos*]" = "iPhone Developer";
				COPY_PHASE_STRIP = NO;
				DEBUG_INFORMATION_FORMAT = "dwarf-with-dsym";
				ENABLE_STRICT_OBJC_MSGSEND = YES;
				GCC_C_LANGUAGE_STANDARD = gnu99;
				GCC_DYNAMIC_NO_PIC = NO;
				GCC_NO_COMMON_BLOCKS = YES;
				GCC_OPTIMIZATION_LEVEL = 0;
				GCC_PREPROCESSOR_DEFINITIONS = (
					"DEBUG=1",
					"$(inherited)",
				);
				GCC_SYMBOLS_PRIVATE_EXTERN = NO;
				GCC_WARN_64_TO_32_BIT_CONVERSION = YES;
				GCC_WARN_ABOUT_RETURN_TYPE = YES_ERROR;
				GCC_WARN_UNDECLARED_SELECTOR = YES;
				GCC_WARN_UNINITIALIZED_AUTOS = YES_AGGRESSIVE;
				GCC_WARN_UNUSED_FUNCTION = YES;
				GCC_WARN_UNUSED_VARIABLE = YES;
				IPHONEOS_DEPLOYMENT_TARGET = 7.1;
				MTL_ENABLE_DEBUG_INFO = YES;
				ONLY_ACTIVE_ARCH = YES;
				SDKROOT = iphoneos;
			};
			name = Debug;
		};
		4F9A47E21BAC7D7B00DC84E0 /* Release */ = {
			isa = XCBuildConfiguration;
			buildSettings = {
				ALWAYS_SEARCH_USER_PATHS = NO;
				CLANG_CXX_LANGUAGE_STANDARD = "gnu++0x";
				CLANG_CXX_LIBRARY = "libc++";
				CLANG_ENABLE_MODULES = YES;
				CLANG_ENABLE_OBJC_ARC = YES;
				CLANG_WARN_BOOL_CONVERSION = YES;
				CLANG_WARN_CONSTANT_CONVERSION = YES;
				CLANG_WARN_DIRECT_OBJC_ISA_USAGE = YES_ERROR;
				CLANG_WARN_EMPTY_BODY = YES;
				CLANG_WARN_ENUM_CONVERSION = YES;
				CLANG_WARN_INT_CONVERSION = YES;
				CLANG_WARN_OBJC_ROOT_CLASS = YES_ERROR;
				CLANG_WARN_UNREACHABLE_CODE = YES;
				CLANG_WARN__DUPLICATE_METHOD_MATCH = YES;
				"CODE_SIGN_IDENTITY[sdk=iphoneos*]" = "iPhone Developer";
				COPY_PHASE_STRIP = NO;
				DEBUG_INFORMATION_FORMAT = "dwarf-with-dsym";
				ENABLE_NS_ASSERTIONS = NO;
				ENABLE_STRICT_OBJC_MSGSEND = YES;
				GCC_C_LANGUAGE_STANDARD = gnu99;
				GCC_NO_COMMON_BLOCKS = YES;
				GCC_WARN_64_TO_32_BIT_CONVERSION = YES;
				GCC_WARN_ABOUT_RETURN_TYPE = YES_ERROR;
				GCC_WARN_UNDECLARED_SELECTOR = YES;
				GCC_WARN_UNINITIALIZED_AUTOS = YES_AGGRESSIVE;
				GCC_WARN_UNUSED_FUNCTION = YES;
				GCC_WARN_UNUSED_VARIABLE = YES;
				IPHONEOS_DEPLOYMENT_TARGET = 7.1;
				MTL_ENABLE_DEBUG_INFO = NO;
				SDKROOT = iphoneos;
				VALIDATE_PRODUCT = YES;
			};
			name = Release;
		};
		4F9A47E41BAC7D7B00DC84E0 /* Debug */ = {
			isa = XCBuildConfiguration;
			buildSettings = {
				ASSETCATALOG_COMPILER_APPICON_NAME = AppIcon;
				FRAMEWORK_SEARCH_PATHS = (
					"$(inherited)",
					/Users/pc/Desktop,
					"$(PROJECT_DIR)",
				);
				INFOPLIST_FILE = PaymentSampleAppiOS7/Info.plist;
				LD_RUNPATH_SEARCH_PATHS = "$(inherited) @executable_path/Frameworks";
				ONLY_ACTIVE_ARCH = YES;
				OTHER_LDFLAGS = "-ObjC";
				PRODUCT_NAME = "$(TARGET_NAME)";
			};
			name = Debug;
		};
		4F9A47E51BAC7D7B00DC84E0 /* Release */ = {
			isa = XCBuildConfiguration;
			buildSettings = {
				ASSETCATALOG_COMPILER_APPICON_NAME = AppIcon;
				FRAMEWORK_SEARCH_PATHS = (
					"$(inherited)",
					/Users/pc/Desktop,
					"$(PROJECT_DIR)",
				);
				INFOPLIST_FILE = PaymentSampleAppiOS7/Info.plist;
				LD_RUNPATH_SEARCH_PATHS = "$(inherited) @executable_path/Frameworks";
				ONLY_ACTIVE_ARCH = NO;
				OTHER_LDFLAGS = "-ObjC";
				PRODUCT_NAME = "$(TARGET_NAME)";
			};
			name = Release;
		};
		4F9A47E71BAC7D7B00DC84E0 /* Debug */ = {
			isa = XCBuildConfiguration;
			buildSettings = {
				BUNDLE_LOADER = "$(TEST_HOST)";
				FRAMEWORK_SEARCH_PATHS = (
					"$(SDKROOT)/Developer/Library/Frameworks",
					"$(inherited)",
				);
				GCC_PREPROCESSOR_DEFINITIONS = (
					"DEBUG=1",
					"$(inherited)",
				);
				INFOPLIST_FILE = PaymentSampleAppiOS7Tests/Info.plist;
				LD_RUNPATH_SEARCH_PATHS = "$(inherited) @executable_path/Frameworks @loader_path/Frameworks";
				PRODUCT_NAME = "$(TARGET_NAME)";
				TEST_HOST = "$(BUILT_PRODUCTS_DIR)/PaymentSampleAppiOS7.app/PaymentSampleAppiOS7";
			};
			name = Debug;
		};
		4F9A47E81BAC7D7B00DC84E0 /* Release */ = {
			isa = XCBuildConfiguration;
			buildSettings = {
				BUNDLE_LOADER = "$(TEST_HOST)";
				FRAMEWORK_SEARCH_PATHS = (
					"$(SDKROOT)/Developer/Library/Frameworks",
					"$(inherited)",
				);
				INFOPLIST_FILE = PaymentSampleAppiOS7Tests/Info.plist;
				LD_RUNPATH_SEARCH_PATHS = "$(inherited) @executable_path/Frameworks @loader_path/Frameworks";
				PRODUCT_NAME = "$(TARGET_NAME)";
				TEST_HOST = "$(BUILT_PRODUCTS_DIR)/PaymentSampleAppiOS7.app/PaymentSampleAppiOS7";
			};
			name = Release;
		};
/* End XCBuildConfiguration section */

/* Begin XCConfigurationList section */
		4F9A47BB1BAC7D7B00DC84E0 /* Build configuration list for PBXProject "PaymentSampleAppiOS7" */ = {
			isa = XCConfigurationList;
			buildConfigurations = (
				4F9A47E11BAC7D7B00DC84E0 /* Debug */,
				4F9A47E21BAC7D7B00DC84E0 /* Release */,
			);
			defaultConfigurationIsVisible = 0;
			defaultConfigurationName = Release;
		};
		4F9A47E31BAC7D7B00DC84E0 /* Build configuration list for PBXNativeTarget "PaymentSampleAppiOS7" */ = {
			isa = XCConfigurationList;
			buildConfigurations = (
				4F9A47E41BAC7D7B00DC84E0 /* Debug */,
				4F9A47E51BAC7D7B00DC84E0 /* Release */,
			);
			defaultConfigurationIsVisible = 0;
			defaultConfigurationName = Release;
		};
		4F9A47E61BAC7D7B00DC84E0 /* Build configuration list for PBXNativeTarget "PaymentSampleAppiOS7Tests" */ = {
			isa = XCConfigurationList;
			buildConfigurations = (
				4F9A47E71BAC7D7B00DC84E0 /* Debug */,
				4F9A47E81BAC7D7B00DC84E0 /* Release */,
			);
			defaultConfigurationIsVisible = 0;
			defaultConfigurationName = Release;
		};
/* End XCConfigurationList section */
	};
	rootObject = 4F9A47B81BAC7D7B00DC84E0 /* Project object */;
}
